# This file is automatically @generated by Cargo.
# It is not intended for manual editing.
version = 4

[[package]]
name = "adler2"
version = "2.0.1"
source = "registry+https://github.com/rust-lang/crates.io-index"
checksum = "320119579fcad9c21884f5c4861d16174d0e06250625266f50fe6898340abefa"

[[package]]
name = "ahash"
version = "0.8.12"
source = "registry+https://github.com/rust-lang/crates.io-index"
checksum = "5a15f179cd60c4584b8a8c59692722f9433808c9da8dac87030acc65313b8baa"
dependencies = [
 "cfg-if",
 "once_cell",
 "version_check",
 "zerocopy",
]

[[package]]
name = "anyhow"
version = "1.0.100"
source = "registry+https://github.com/rust-lang/crates.io-index"
checksum = "a23caaefc2ceee80cfd50ac0a0bbf32f5707eb2488cd4f2c1f4a22f8533baf53"

[[package]]
name = "arrayvec"
version = "0.7.6"
source = "registry+https://github.com/rust-lang/crates.io-index"
checksum = "7c0e14441896e9d475446a9bde9e02ca9990d0fa0570d517eae57d39f62b158a"

[[package]]
name = "autocfg"
version = "1.5.0"
source = "registry+https://github.com/rust-lang/crates.io-index"
checksum = "c08606f8c3cbf4ce6ec8e28fb0014a2c086708fe954eaa885384a6165172e7e8"

[[package]]
name = "av1-grain"
version = "0.2.4"
source = "registry+https://github.com/rust-lang/crates.io-index"
checksum = "202ec35ca91647d5ef3b80d6136673af12bacd730fe87b6726967b3ca71940dc"
dependencies = [
 "anyhow",
 "arrayvec",
 "log",
 "nom",
 "num-rational",
 "v_frame",
]

[[package]]
name = "bitstream-io"
version = "4.9.0"
source = "registry+https://github.com/rust-lang/crates.io-index"
checksum = "efbbd6b67fc01b5797f9fc6b65d8377e140816908d1169488abbf20d3ed1a0a3"

[[package]]
name = "bitflags"
version = "2.10.0"
source = "registry+https://github.com/rust-lang/crates.io-index"
checksum = "812e12b5285cc515a9c72a5c1d3b6d46a19dac5acfef5265968c166106e31dd3"

[[package]]
name = "bitvec"
version = "1.0.1"
source = "registry+https://github.com/rust-lang/crates.io-index"
checksum = "69f7b83a040246560a13a0716f188a3a9eecf722fa525635d523242f08f21f95"
dependencies = [
 "funty",
 "radium",
 "tap",
 "wyz",
]

[[package]]
name = "block-buffer"
version = "0.10.4"
source = "registry+https://github.com/rust-lang/crates.io-index"
checksum = "3078c7629b62d3f0439517fa394996acacc5cbc91c5a20d8c658e77abd503a71"
dependencies = [
 "generic-array",
]

[[package]]
name = "block-buffer"
version = "0.12.0"
source = "registry+https://github.com/rust-lang/crates.io-index"
checksum = "e0e9d83c35617c7b41bc5954ecaf1d647f9f77304a1ae44c79c1985c31c6aa2d"
dependencies = [
 "hybrid-array",
]

[[package]]
name = "bumpalo"
version = "3.19.0"
source = "registry+https://github.com/rust-lang/crates.io-index"
checksum = "46c5e41b57b8bba42a04676d81cb89e9ee8e859a1a66f80a5a72e1cb76b34d43"

[[package]]
name = "byteorder-lite"
version = "0.1.0"
source = "registry+https://github.com/rust-lang/crates.io-index"
checksum = "8f1fe948ff7ed087b3e6eb259fd0e092f31cb02796b3c031cbe3be66909d1b5d"

[[package]]
name = "bytes"
version = "1.10.1"
source = "registry+https://github.com/rust-lang/crates.io-index"
checksum = "d71b6127be86fdcfddb610f7182ac57211d4b18a3e9c82eb2c17662f2227ad6a"

[[package]]
name = "byteorder"
version = "1.5.0"
source = "registry+https://github.com/rust-lang/crates.io-index"
checksum = "1fd0f2584146f6f2ef48085050886acf353beff7305ebd1ae69500e27c67f64b"

[[package]]
name = "cc"
version = "1.2.39"
source = "registry+https://github.com/rust-lang/crates.io-index"
checksum = "5f42d8ff1e1f8b32a3ed48b088123675941034156d49007fec45435c6b99a6d4"
dependencies = [
 "find-msvc-tools",
 "shlex",
]

[[package]]
name = "cfg-if"
version = "1.0.3"
source = "registry+https://github.com/rust-lang/crates.io-index"
checksum = "2fd1289c8fa3f0049fcf6a5d5e2589f9a3a0eb47670d6cd74c0a81f7ff6f0b6a"

[[package]]
name = "cfg_aliases"
version = "0.2.1"
source = "registry+https://github.com/rust-lang/crates.io-index"
checksum = "613afe47fcd5fac7ccf08a9a96d374a77b8e3f989a24f6f95a85090316e38e95"

[[package]]
name = "color_quant"
version = "1.1.0"
source = "registry+https://github.com/rust-lang/crates.io-index"
checksum = "3d7098d082f5bd83b8364a7509c753b81943499763c038230060d5c6098e2ce0"

[[package]]
name = "core2"
version = "0.4.0"
source = "registry+https://github.com/rust-lang/crates.io-index"
checksum = "9df5d572624eb1b3a7238f8eb542433929cc8d3912073f08ff81a58fc0b5c4c7"
dependencies = [
 "memchr",
]

[[package]]
name = "crc32fast"
version = "1.5.0"
source = "registry+https://github.com/rust-lang/crates.io-index"
checksum = "9481c1c90cbf2ac953f07c8d4a58aa3945c425b7185c9154d67a65e4230da511"
dependencies = [
 "cfg-if",
]

[[package]]
name = "crossbeam-deque"
version = "0.8.6"
source = "registry+https://github.com/rust-lang/crates.io-index"
checksum = "9dd111b7b7f7d55b72c0a6d988c2b8b36b35e07e0c21371ea2c704487fe4e44c"
dependencies = [
 "crossbeam-epoch",
 "crossbeam-utils",
]

[[package]]
name = "crossbeam-epoch"
version = "0.9.18"
source = "registry+https://github.com/rust-lang/crates.io-index"
checksum = "5b82ac94eeb3bc6cf5f6344558f0f8cc1f6883f46334374bb3322732424db166"
dependencies = [
 "crossbeam-utils",
]

[[package]]
name = "crossbeam-utils"
version = "0.8.21"
source = "registry+https://github.com/rust-lang/crates.io-index"
checksum = "d0a5c400df2834b80a4c3327b3aad3a4c4cd4de0620741216724a6040d238253"

[[package]]
name = "crypto-common"
version = "0.1.6"
source = "registry+https://github.com/rust-lang/crates.io-index"
checksum = "9f4f76055f47d16f6d4751860110051af34a6e67c3d13946290094c03e8ce56"
dependencies = [
 "generic-array",
 "typenum",
]

[[package]]
name = "crypto-common"
version = "0.2.0-rc.4"
source = "registry+https://github.com/rust-lang/crates.io-index"
checksum = "d6e880839b7b2cbd11f4b33c536b756470a06bc9fe8da6631e1e82b50c41b812"
dependencies = [
 "hybrid-array",
]

[[package]]
name = "digest"
version = "0.10.7"
source = "registry+https://github.com/rust-lang/crates.io-index"
checksum = "4ad1e01e4cd1e2d8aca88921d237c8572d7a8c8e312cba3b2d4e51aeedc5b6b0"
dependencies = [
 "block-buffer 0.10.4",
 "crypto-common 0.1.6",
 "subtle",
]

[[package]]
name = "digest"
version = "0.11.0-rc.3"
source = "registry+https://github.com/rust-lang/crates.io-index"
checksum = "1037ae0bdc5e2439d85a4b2f34f5969414943c2d572424b1856f3d76ea4ea2d9"
dependencies = [
 "block-buffer 0.12.0",
 "crypto-common 0.2.0-rc.4",
]

[[package]]
name = "either"
version = "1.15.0"
source = "registry+https://github.com/rust-lang/crates.io-index"
checksum = "48c757948c5ede0e46177b7add2e67155f70e33c8b858eb9f8f09bb1dd3b10bd4"

[[package]]
name = "equivalent"
version = "1.0.2"
source = "registry+https://github.com/rust-lang/crates.io-index"
checksum = "877a4ace8713b0bcf2a4b665a0b5f364857a20e9d8f616ea108bba78e04d74a4"

[[package]]
name = "fallible-iterator"
version = "0.2.0"
source = "registry+https://github.com/rust-lang/crates.io-index"
checksum = "ba7cf77bd841a2850fa9b9b1d9f3c6ca5ad0f2c5fbbe19ef2c2de17f88c7cce"

[[package]]
name = "fallible-iterator"
version = "0.3.0"
source = "registry+https://github.com/rust-lang/crates.io-index"
checksum = "2acce9add5e76102757bc2849077bb92b1d9bf4ff1eb8910906db1efc1acdbd42"

[[package]]
name = "fdeflate"
version = "0.3.7"
source = "registry+https://github.com/rust-lang/crates.io-index"
checksum = "1d468ea39143046dbcb324a13a2dfdd7887e0c7898a8b09148109cf3533f503e"
dependencies = [
 "simd-adler32",
]

[[package]]
name = "find-msvc-tools"
version = "0.1.2"
source = "registry+https://github.com/rust-lang/crates.io-index"
checksum = "973071364b2ddbd507188896a1f1dcd59f5ccbe8270280dc7f8555332d5fdbb"

[[package]]
name = "flate2"
version = "1.1.2"
source = "registry+https://github.com/rust-lang/crates.io-index"
checksum = "4a3b2a35a87e9a7a040c866495398766949d19274122b9e9ef669cb149fb31241"
dependencies = [
 "crc32fast",
 "miniz_oxide",
]

[[package]]
name = "fnv"
version = "1.0.7"
source = "registry+https://github.com/rust-lang/crates.io-index"
checksum = "3f9eec918d3f904c4143787213e49a1ad9e0f4f988f9ec9b7eff1d4b89b7bca"

[[package]]
name = "foldhash"
version = "0.1.5"
source = "registry+https://github.com/rust-lang/crates.io-index"
checksum = "d8a746356fc913533548861948114cef14f22b6d5c126c2be7c4bf03b30e649a"

[[package]]
name = "form_urlencoded"
version = "1.2.2"
source = "registry+https://github.com/rust-lang/crates.io-index"
checksum = "cb4cb245038516f5d43d7ffdd340aa2f2b39e3824980569aef8e65d9629655b1"
dependencies = [
 "percent-encoding",
]

[[package]]
name = "funty"
version = "2.0.0"
source = "registry+https://github.com/rust-lang/crates.io-index"
checksum = "e6d08885e4b0a0a6297961f68a0a4d9e6ba955a8d8d88542cf9f87e367cc674b"

[[package]]
name = "generic-array"
version = "0.14.7"
source = "registry+https://github.com/rust-lang/crates.io-index"
checksum = "85649fd0c696f9bb2f7a54fdc9ed1e929a432cbf42878b893db37161dfc4c7f1"
dependencies = [
 "typenum",
 "version_check",
]

[[package]]
name = "getrandom"
version = "0.2.16"
source = "registry+https://github.com/rust-lang/crates.io-index"
checksum = "335ff9f135e4384ac0ff58e289bc15d5dd3aaf6a4273cfefd946506c6ebc7cc7"
dependencies = [
 "cfg-if",
 "libc",
 "wasi 0.11.1+wasi-snapshot-preview1",
]

[[package]]
name = "getrandom"
version = "0.3.3"
source = "registry+https://github.com/rust-lang/crates.io-index"
checksum = "26145e563e54f2cad01b52161fadb89bff2e7f4755b4e72f0c8ef33687ac74c9"
dependencies = [
 "cfg-if",
 "libc",
 "r-efi",
 "wasip2",
]

[[package]]
name = "gif"
version = "0.13.3"
source = "registry+https://github.com/rust-lang/crates.io-index"
checksum = "bbb3c7db12d8c00c3bc5cc659e738848b0fca6fdc6014c96743150b3bcdc62ae"
dependencies = [
 "color_quant",
 "weezl",
]

[[package]]
name = "ginbar-worker-v2"
version = "0.1.0"
dependencies = [
 "image",
 "postgres",
 "ravif",
 "rgb",
 "sha2 0.10.9",
]

[[package]]
name = "hashbrown"
version = "0.15.5"
source = "registry+https://github.com/rust-lang/crates.io-index"
checksum = "9229cfe53dfd69f0609a49f65461bdc65f5c1f64b423db91e139f3901f3e350"
dependencies = [
 "ahash",
]

[[package]]
name = "heck"
version = "0.5.0"
source = "registry+https://github.com/rust-lang/crates.io-index"
checksum = "2300d5702b0205c5a0b64c2f2478be5e44468c3bb9b2696ece3ca950f0b7370f"

[[package]]
name = "http"
version = "1.3.1"
source = "registry+https://github.com/rust-lang/crates.io-index"
checksum = "f4a85d213c8e115736d156cc2f3c1f3fb66eea8d9ab3e3631bed44f4cbb7d2e7"
dependencies = [
 "bytes",
 "fnv",
 "itoa",
]

[[package]]
name = "hybrid-array"
version = "0.4.5"
source = "registry+https://github.com/rust-lang/crates.io-index"
checksum = "8e03d6bd1516862561c7081a8531f9aab4ee1fa0254888cd79881104262fb386"
dependencies = [
 "typenum",
]

[[package]]
name = "idna"
version = "1.1.0"
source = "registry+https://github.com/rust-lang/crates.io-index"
checksum = "3b189ca055207753798c95870ccd7af90efb8fda166abe74a7d79ea80d85ac0c"
dependencies = [
 "idna_adapter",
 "smallvec",
 "utf8_iter",
]

[[package]]
name = "idna_adapter"
version = "1.2.1"
source = "registry+https://github.com/rust-lang/crates.io-index"
checksum = "3acae9609540aa318d1ff038492ed46663d93b20761226965e0c0461bd3b68e9"
dependencies = [
 "icu_normalizer",
 "icu_properties",
]

[[package]]
name = "image"
version = "0.25.8"
source = "registry+https://github.com/rust-lang/crates.io-index"
checksum = "d213f0a4223f7ab320c3f818f3d4a5563e0f94b8e72fd9a4cc8b09fa5d1e6f8f"
dependencies = [
 "bytemuck",
 "byteorder-lite",
 "color_quant",
 "exr",
 "gif",
 "image-webp",
 "moxcms",
 "num-traits",
 "png",
 "qoi",
 "ravif",
 "rayon",
 "rgb",
 "tiff",
 "zune-core",
 "zune-jpeg",
]

[[package]]
name = "image-webp"
version = "0.2.4"
source = "registry+https://github.com/rust-lang/crates.io-index"
checksum = "c6fa5502627cf0f348a1b51159957edfb5bf6c0fb3b20a6ffb6026293a7afda6"
dependencies = [
 "byteorder-lite",
 "quick-error",
]

[[package]]
name = "indexmap"
version = "2.11.4"
source = "registry+https://github.com/rust-lang/crates.io-index"
checksum = "f07af08e43c84af88a2b0ba0bbb656add406d13a8a15a680e341ccf1303b56a4"
dependencies = [
 "equivalent",
 "hashbrown 0.15.5",
]

[[package]]
name = "itoa"
version = "1.0.15"
source = "registry+https://github.com/rust-lang/crates.io-index"
checksum = "4a5f13b858c8d314ee3e8f639011f7cce7eb3197e7d16b2c0f8f078ed818649e"

[[package]]
name = "jobserver"
version = "0.1.34"
source = "registry+https://github.com/rust-lang/crates.io-index"
checksum = "2489eeb3eea33b7f8283eb85d1a5a5cf1a7f25bd1ff28a16fae07d36cd3f7c6f"
dependencies = [
 "getrandom 0.3.3",
 "libc",
]

[[package]]
name = "jpeg-decoder"
version = "0.3.2"
source = "registry+https://github.com/rust-lang/crates.io-index"
checksum = "a8e0dd3a02d39ca3db64c2bb278bd04f45d6bc629d265a4c968870b8906662d7"

[[package]]
name = "libc"
version = "0.2.176"
source = "registry+https://github.com/rust-lang/crates.io-index"
checksum = "8a4f6f07af9505774672ea6d5c3ac65dcfe2f9d50a8b905e363b81858fe9b6b2"

[[package]]
name = "libfuzzer-sys"
version = "0.4.10"
source = "registry+https://github.com/rust-lang/crates.io-index"
checksum = "42dd4a4c3f73be251b66d9b4932c4980ee743905164f4a2f8c73fcbf1a222321"
dependencies = [
 "arbitrary",
 "cc",
]

[[package]]
name = "libm"
version = "0.2.15"
source = "registry+https://github.com/rust-lang/crates.io-index"
checksum = "e72378634b5744a32ba376ffca24cd0085452a1c7c30fc77fd2c0e1b13e6b7b3"

[[package]]
name = "lock_api"
version = "0.4.14"
source = "registry+https://github.com/rust-lang/crates.io-index"
checksum = "224399e74b87a192edda399f49930f66d0759598384ec43c03b0c771ce42486d0"
dependencies = [
 "scopeguard",
]

[[package]]
name = "log"
version = "0.4.28"
source = "registry+https://github.com/rust-lang/crates.io-index"
checksum = "34080505efa8e45a4b816c349525ebe327ceaa8559756f0356cba97ef4bf3a9c"

[[package]]
name = "maybe-rayon"
version = "0.1.1"
source = "registry+https://github.com/rust-lang/crates.io-index"
checksum = "69f7f117eee66a8fe6f3913459059346304317272dc35c50d51cf256dd9c5fca"
dependencies = [
 "cfg-if",
 "rayon",
]

[[package]]
name = "memchr"
version = "2.7.6"
source = "registry+https://github.com/rust-lang/crates.io-index"
checksum = "f52b00d39961fc5b2736ea853c9cc86238e165017a493d1d5c8eac6bdc4cc273"

[[package]]
name = "memoffset"
version = "0.9.1"
source = "registry+https://github.com/rust-lang/crates.io-index"
checksum = "488016bfa020f7fb3e423ecb9f3c5fd5fe5c3b5f5b6cf3682630458935f1b3f0"
dependencies = [
 "autocfg",
]

[[package]]
name = "miniz_oxide"
version = "0.8.9"
source = "registry+https://github.com/rust-lang/crates.io-index"
checksum = "1fa94c2af25d5cf3918f18fdbe299fc94b11750275693654145816237b7e63e1"
dependencies = [
 "adler2",
 "simd-adler32",
]

[[package]]
name = "mio"
version = "1.2.3"
source = "registry+https://github.com/rust-lang/crates.io-index"
checksum = "4b18443e9c262bfe8fa82f51666e2642c53393f7e5c27b3e1aeab922cff5b9d8"
dependencies = [
 "libc",
 "wasi 0.11.1+wasi-snapshot-preview1",
 "windows-sys 0.61.1",
]

[[package]]
name = "nom"
version = "8.0.0"
source = "registry+https://github.com/rust-lang/crates.io-index"
checksum = "df8591dd6ec1188c9fce4a2823a2f77c5af0a29e6bb7a696c949c33dc8d7e57f"
dependencies = [
 "memchr",
]

[[package]]
name = "num-bigint"
version = "0.4.6"
source = "registry+https://github.com/rust-lang/crates.io-index"
checksum = "a9e3d6d387444e210f41d577cf68c48f321681b690ded972f1332e173e437129"
dependencies = [
 "num-integer",
 "num-traits",
]

[[package]]
name = "num-derive"
version = "0.4.2"
source = "registry+https://github.com/rust-lang/crates.io-index"
checksum = "edc50c53b5cfa1a62a1903448c8eadc97167c5db0efcd85773051b1466681b82"
dependencies = [
 "proc-macro2",
 "quote",
 "syn",
]

[[package]]
name = "num-integer"
version = "0.1.46"
source = "registry+https://github.com/rust-lang/crates.io-index"
checksum = "942f4c8f7383874d44eb3e52f0ab6d18e218bc59cebef33906f287863a781e9b"
dependencies = [
 "num-traits",
]

[[package]]
name = "num-rational"
version = "0.4.2"
source = "registry+https://github.com/rust-lang/crates.io-index"
checksum = "f62758beacd3093be881460e589f4001aa170a2b22e5e24dc69dc8159097d7c4"
dependencies = [
 "num-bigint",
 "num-integer",
 "num-traits",
]

[[package]]
name = "num-traits"
version = "0.2.19"
source = "registry+https://github.com/rust-lang/crates.io-index"
checksum = "071dfc062690e90b734c0d5d5afeb32a12d79a5bb82a7feae2f93a8f56c60f2b"
dependencies = [
 "autocfg",
]

[[package]]
name = "once_cell"
version = "1.21.3"
source = "registry+https://github.com/rust-lang/crates.io-index"
checksum = "42f5e15c9953c5e4ccceeb2e7382a716482c34515315f7b03532b8b4e8393d2d"

[[package]]
name = "percent-encoding"
version = "2.3.2"
source = "registry+https://github.com/rust-lang/crates.io-index"
checksum = "228457a4f59d40d48f5890bb402ee7178583be9f84971b157a72ea91a19f7fd3"

[[package]]
name = "petgraph"
version = "0.7.1"
source = "registry+https://github.com/rust-lang/crates.io-index"
checksum = "74be3a5649460557b832071b3bea076e72f05d6fda8bad3ccb16f63efc32e3c70"
dependencies = [
 "fixedbitset",
 "indexmap",
]

[[package]]
name = "pin-project-lite"
version = "0.2.16"
source = "registry+https://github.com/rust-lang/crates.io-index"
checksum = "3c017bd7733ce0148fb324273a96694cea02415a77e5d135e2f243d97446f66e7"

[[package]]
name = "pkg-config"
version = "0.3.32"
source = "registry+https://github.com/rust-lang/crates.io-index"
checksum = "7edddbd0b52d732b43e1c9637e68a24b6c785d040b240342295bd31edfa0ab7e"

[[package]]
name = "png"
version = "0.18.0"
source = "registry+https://github.com/rust-lang/crates.io-index"
checksum = "15fcdf794d7a938fb3cb22d0e7c6a1ccae5183902c46f015e2c2c21f69c84924"
dependencies = [
 "bitflags",
 "crc32fast",
 "fdeflate",
 "flate2",
 "miniz_oxide",
]

[[package]]
name = "postgres"
version = "0.19.11"
source = "registry+https://github.com/rust-lang/crates.io-index"
checksum = "b30b601eac51feefbc5e92afd7d8ec9c1b51c7d9b77e4adf70e0b759e906bfdb"
dependencies = [
 "bytes",
 "fallible-iterator 0.2.0",
 "futures-util",
 "log",
 "tokio",
 "tokio-postgres",
]

[[package]]
name = "postgres-protocol"
version = "0.6.9"
source = "registry+https://github.com/rust-lang/crates.io-index"
checksum = "938fbd02f46f5410d110d37bf87055a72951bb9a590e5f9c29feac54a688659e"
dependencies = [
 "base64",
 "byteorder",
 "bytes",
 "fallible-iterator 0.2.0",
 "hmac",
 "md-5",
 "memchr",
 "rand",
 "sha2 0.10.9",
 "stringprep",
]

[[package]]
name = "postgres-types"
version = "0.2.11"
source = "registry+https://github.com/rust-lang/crates.io-index"
checksum = "7d5b76e5b2a49c8257554a4370627b51d523e92b9f007edc6edbf5c516ac375f"
dependencies = [
 "bytes",
 "fallible-iterator 0.2.0",
 "postgres-protocol",
]

[[package]]
name = "proc-macro2"
version = "1.0.101"
source = "registry+https://github.com/rust-lang/crates.io-index"
checksum = "89ae43fd86e4158d6db51ad8e2c8bd3dd22cf1220b9916be1e3c7c48b624ce5"
dependencies = [
 "unicode-ident",
]

[[package]]
name = "quote"
version = "1.0.41"
source = "registry+https://github.com/rust-lang/crates.io-index"
checksum = "ce25767e7b499d1b604768e7cde645d4e3cc458ca6e7c6c3d4a4d4d8d0dbb5d"
dependencies = [
 "proc-macro2",
]

[[package]]
name = "radium"
version = "0.7.0"
source = "registry+https://github.com/rust-lang/crates.io-index"
checksum = "dc33ff2d23a8c5bcfd432e77d7c68a1b26c1bfd584feabb034a00f81b6231bc5"

[[package]]
name = "rand"
version = "0.9.2"
source = "registry+https://github.com/rust-lang/crates.io-index"
checksum = "5ec16a1c120e3c068077e12a6b8585a82f9275b90214d17d0ff75a320371b745"
dependencies = [
 "rand_chacha",
 "rand_core",
]

[[package]]
name = "rand_chacha"
version = "0.9.0"
source = "registry+https://github.com/rust-lang/crates.io-index"
checksum = "d3022b5f1df60f673971056dc72897de4aa5fbb47739ac0640ed2c6b0d525af8c"
dependencies = [
 "ppv-lite86",
 "rand_core",
]

[[package]]
name = "rand_core"
version = "0.9.3"
source = "registry+https://github.com/rust-lang/crates.io-index"
checksum = "99d9a13982dcf210057a8a78572b04a3fadc3bb7a09083682b8c3f1b31b8f54"
dependencies = [
 "getrandom 0.3.3",
]

[[package]]
name = "rav1e"
version = "0.8.1"
source = "registry+https://github.com/rust-lang/crates.io-index"
checksum = "7d5de1953304abf2a2d1e305f8d6ee55f7d387d2b055ed9ac62a65bf22183237"
dependencies = [
 "anyhow",
 "arrayvec",
 "av1-grain",
 "bitstream-io",
 "bitflags",
 "cfg-if",
 "itertools",
 "libc",
 "libm",
 "log",
 "maybe-rayon",
 "new_debug_unreachable",
 "num-derive",
 "num-traits",
 "once_cell",
 "paste",
 "profiling",
 "rayon",
 "simd_helpers",
 "thiserror",
 "v_frame",
 "wasm-bindgen",
]

[[package]]
name = "ravif"
version = "0.13.0"
source = "registry+https://github.com/rust-lang/crates.io-index"
checksum = "a033f9e4b8e107750acb09361d4e7f3b5e57df17aa87eb8932bf3370c9aac4de"
dependencies = [
 "avif-serialize",
 "imgref",
 "loop9",
 "quick-error 2.0.1",
 "rav1e",
 "rgb",
]

[[package]]
name = "rayon"
version = "1.11.0"
source = "registry+https://github.com/rust-lang/crates.io-index"
checksum = "368f01d005bf8fd9b1206fb6fa9e601d15b35b5a1615092fb4b26afa5d34c267"
dependencies = [
 "either",
 "rayon-core",
]

[[package]]
name = "rayon-core"
version = "1.13.0"
source = "registry+https://github.com/rust-lang/crates.io-index"
checksum = "22e18b0f00609cd4d36996b145ea81503e7d10505588a9894235f380b4dc4d8d"
dependencies = [
 "crossbeam-deque",
 "crossbeam-utils",
]

[[package]]
name = "rgb"
version = "0.8.52"
source = "registry+https://github.com/rust-lang/crates.io-index"
checksum = "abdb5043d0f9175a00e65e106ec5dc0ed6762c9f400f7c91c225fa442d429c0e"
dependencies = [
 "bytemuck",
]

[[package]]
name = "scopeguard"
version = "1.2.0"
source = "registry+https://github.com/rust-lang/crates.io-index"
checksum = "94143f37725109f92cdd0d5e250b90d7ad508fef18c62609ac2e6b34bdf94e51"

[[package]]
name = "sha2"
version = "0.10.9"
source = "registry+https://github.com/rust-lang/crates.io-index"
checksum = "a7507d819769d08262b495a6761408c1c581b584664337307abe3190e029e31e"
dependencies = [
 "cfg-if",
 "cpufeatures",
 "digest 0.10.7",
]

[[package]]
name = "sha2"
version = "0.11.0-rc.3"
source = "registry+https://github.com/rust-lang/crates.io-index"
checksum = "2f0ad5854aebf3c20a5fd7b8099d3d90ab893822d6f4fc6d4e6b6f3a31b29e6"
dependencies = [
 "cfg-if",
 "cpufeatures",
 "digest 0.11.0-rc.3",
]

[[package]]
name = "shlex"
version = "1.3.0"
source = "registry+https://github.com/rust-lang/crates.io-index"
checksum = "0c7b8bd5d340383c5b81c72d7b186b50893898171c12b948e54acc0d75d26728"

[[package]]
name = "simd-adler32"
version = "0.3.7"
source = "registry+https://github.com/rust-lang/crates.io-index"
checksum = "b9a4bf85a760e2b7de1e73348c0ccf04040af3b986436d8c48acb7eb222b358a"

[[package]]
name = "smallvec"
version = "1.15.1"
source = "registry+https://github.com/rust-lang/crates.io-index"
checksum = "67b1f8a47d943de445f984020ad2b8b111165f3dc38a6d68e7bbf7a7eabbd4a6"

[[package]]
name = "socket2"
version = "0.6.0"
source = "registry+https://github.com/rust-lang/crates.io-index"
checksum = "fae2e2a8564ab6d9c4e010c31fb0529404ff9132a60f6d23b18f48bf04d8233b"
dependencies = [
 "libc",
 "windows-sys 0.60.2",
]

[[package]]
name = "subtle"
version = "2.6.1"
source = "registry+https://github.com/rust-lang/crates.io-index"
checksum = "13f2d593145cbe5ae65e58433f05c2d9f20029393e1378f0e86d151bdb6d93c5"

[[package]]
name = "syn"
version = "2.0.106"
source = "registry+https://github.com/rust-lang/crates.io-index"
checksum = "ede7c438028d12eddbb2adcbfa7efcbcad92f79722dbd5f824605476f5a2db3cb"
dependencies = [
 "proc-macro2",
 "quote",
 "unicode-ident",
]

[[package]]
name = "tap"
version = "1.0.1"
source = "registry+https://github.com/rust-lang/crates.io-index"
checksum = "70f243f101b111067a14639effe4c54d79a028466e7b3b6ec2b659064e4aa0c59"

[[package]]
name = "thiserror"
version = "2.0.17"
source = "registry+https://github.com/rust-lang/crates.io-index"
checksum = "fdd66a7e8bd8b7ff2383f58ff30d6f9090718fd86194a69f0a97a8896d7a9f5c"
dependencies = [
 "thiserror-impl",
]

[[package]]
name = "thiserror-impl"
version = "2.0.17"
source = "registry+https://github.com/rust-lang/crates.io-index"
checksum = "259e61b737c78d56bf75c1f535113b7b142ee6b6fba227a092dfd5c15c3d21f8"
dependencies = [
 "proc-macro2",
 "quote",
 "syn",
]

[[package]]
name = "tinyvec"
version = "1.10.0"
source = "registry+https://github.com/rust-lang/crates.io-index"
checksum = "e2f5c3e1424bc0842d09787d4ec8f0d5cf9e7a1d0b84da22bbe2255cb7f12795"
dependencies = [
 "tinyvec_macros",
]

[[package]]
name = "tinyvec_macros"
version = "0.1.1"
source = "registry+https://github.com/rust-lang/crates.io-index"
checksum = "1f3ccbac311ad3dce8994a55f78c121569aa3a8bd9ef0acbb9b05a20e9c3dd0a"

[[package]]
name = "tokio"
version = "1.47.1"
source = "registry+https://github.com/rust-lang/crates.io-index"
checksum = "89e49afdadb9831a89b7d2ef95a4b3bd160f4c2ac5ad73fca2be674b71092663"
dependencies = [
 "bytes",
 "libc",
 "mio",
 "pin-project-lite",
 "socket2",
 "windows-sys 0.61.1",
]

[[package]]
name = "tokio-postgres"
version = "0.7.15"
source = "registry+https://github.com/rust-lang/crates.io-index"
checksum = "e0725b8984ae51e79eebbe6399d7b5a7c75a6a4ff25642699810c3903b872689"
dependencies = [
 "async-trait",
 "bytes",
 "byteorder",
 "fallible-iterator 0.2.0",
 "futures-channel",
 "futures-util",
 "log",
 "parking_lot",
 "percent-encoding",
 "phf",
 "pin-project-lite",
 "postgres-protocol",
 "postgres-types",
 "rand",
 "tokio",
 "tokio-util",
 "whoami",
]

[[package]]
name = "typenum"
version = "1.18.0"
source = "registry+https://github.com/rust-lang/crates.io-index"
checksum = "1dccfde2020a6e436ab3c2c597ac86e5c66706a37607db7c4457419b5759633a"

[[package]]
name = "unicode-ident"
version = "1.0.19"
source = "registry+https://github.com/rust-lang/crates.io-index"
checksum = "f63a54548129113891057557bad22e80d3b26d921ec990609507e735b613c48f8"

[[package]]
name = "unicode-normalization"
version = "0.1.24"
source = "registry+https://github.com/rust-lang/crates.io-index"
checksum = "5033cdadf3c9dd1a42cfd7d94dc1b8f2fe98b4d31bedc5930b557e5d20000f2"
dependencies = [
 "tinyvec",
]

[[package]]
name = "unicode-properties"
version = "0.1.3"
source = "registry+https://github.com/rust-lang/crates.io-index"
checksum = "e70fbe2b431b6bd1cc320f6fc1d5d80a1c61e0e4e70eeac42ae6d7eb853b1475"

[[package]]
name = "url"
version = "2.5.7"
source = "registry+https://github.com/rust-lang/crates.io-index"
checksum = "7d25a9cb347c2d2be40b9438a9e0ac21042561432238dfe0d2f7da2de8a088fd"
dependencies = [
 "form_urlencoded",
 "idna",
 "percent-encoding",
]

[[package]]
name = "utf8_iter"
version = "1.0.4"
source = "registry+https://github.com/rust-lang/crates.io-index"
checksum = "b3f7606ac613c4e0ecf6c0cf6f826cf5a6902891495f897464a23a93a90cfbc"

[[package]]
name = "v_frame"
version = "0.3.8"
source = "registry+https://github.com/rust-lang/crates.io-index"
checksum = "0882753311e821399fe48d8fd8bc931b2be954fe9bf8a89346516ede5948525aa"
dependencies = [
 "aligned-vec",
 "num-traits",
 "wasm-bindgen",
]

[[package]]
name = "version_check"
version = "0.9.5"
source = "registry+https://github.com/rust-lang/crates.io-index"
checksum = "0b9280a03dc43260d949aa2d9ffb800d4a2a841205495dfc4cf5f95c231ee73c"

[[package]]
name = "wasi"
version = "0.11.1+wasi-snapshot-preview1"
source = "registry+https://github.com/rust-lang/crates.io-index"
checksum = "ccf3ec651a847eb01de73ccad15eb7ae5a5d90d434dd3463b9f7c8c73b6d4fb"

[[package]]
name = "wasm-bindgen"
version = "0.2.104"
source = "registry+https://github.com/rust-lang/crates.io-index"
checksum = "4edc24e4c62976550a5e449225386c08ea1c22c38fbeff5724f0df04168d2686"
dependencies = [
 "cfg-if",
 "once_cell",
 "rustversion",
 "wasm-bindgen-macro",
]

[[package]]
name = "wasm-bindgen-backend"
version = "0.2.104"
source = "registry+https://github.com/rust-lang/crates.io-index"
checksum = "0cc0f022222a83c26d23d6e8587ca51917f527f58c61ec964e6764f3c6c7426c"
dependencies = [
 "bumpalo",
 "log",
 "proc-macro2",
 "quote",
 "syn",
 "wasm-bindgen-shared",
]

[[package]]
name = "wasm-bindgen-macro"
version = "0.2.104"
source = "registry+https://github.com/rust-lang/crates.io-index"
checksum = "a7cfc4484f6f7f9589895042d281d2749a413a89f292bffbdf30837b7cb30d4d"
dependencies = [
 "quote",
 "wasm-bindgen-macro-support",
]

[[package]]
name = "wasm-bindgen-macro-support"
version = "0.2.104"
source = "registry+https://github.com/rust-lang/crates.io-index"
checksum = "17c9eb8ddab1ab2573511320e9a9d5d3586e80d489fc5b679de457e0eabf56b5"
dependencies = [
 "proc-macro2",
 "quote",
 "syn",
 "wasm-bindgen-backend",
 "wasm-bindgen-shared",
]

[[package]]
name = "wasm-bindgen-shared"
version = "0.2.104"
source = "registry+https://github.com/rust-lang/crates.io-index"
checksum = "22d4e1c6a7043af99f38be0d1b11e8524907fe2156c026467505613153e80d8b"

[[package]]
name = "wasip2"
version = "1.0.1+wasi-0.2.4"
source = "registry+https://github.com/rust-lang/crates.io-index"
checksum = "0562428422c63773daa473cc456b3c2d1fbf4ceff3b81d6028f51c84235cdbe2"
dependencies = [
 "wit-bindgen",
]

[[package]]
name = "weezl"
version = "0.1.10"
source = "registry+https://github.com/rust-lang/crates.io-index"
checksum = "a751b327770d42cd12b5c16d1793f14d4e35c85112b2df359277130d8a951f60"

[[package]]
name = "whoami"
version = "1.6.1"
source = "registry+https://github.com/rust-lang/crates.io-index"
checksum = "adc1ab2bb90ce03ad62a58fecceb29c1cfb45f03e79480a3c3b8ad17bdca4a26"

[[package]]
name = "windows-sys"
version = "0.60.2"
source = "registry+https://github.com/rust-lang/crates.io-index"
checksum = "f2f500e4d28234fda7a55163c2772183427d3f812c5336e3ee05acc2bcb2c5c2"
dependencies = [
 "windows-targets 0.53.3",
]

[[package]]
name = "windows-sys"
version = "0.61.1"
source = "registry+https://github.com/rust-lang/crates.io-index"
checksum = "ea2f55e16c7d5dfe10a1c38c30ad0d6392826cc2e4632714477265c5b25f3596"
dependencies = [
 "windows-link",
]

[[package]]
name = "windows-targets"
version = "0.53.3"
source = "registry+https://github.com/rust-lang/crates.io-index"
checksum = "d83bb4f3be9582175453b7a1cf7f2b38e33f1dca70f2ca2e3786444e7a6f7a06"
dependencies = [
 "windows_aarch64_gnullvm",
 "windows_aarch64_msvc",
 "windows_i686_gnu",
 "windows_i686_gnullvm",
 "windows_i686_msvc",
 "windows_x86_64_gnu",
 "windows_x86_64_gnullvm",
 "windows_x86_64_msvc",
]

[[package]]
name = "windows_aarch64_gnullvm"
version = "0.53.0"
source = "registry+https://github.com/rust-lang/crates.io-index"
checksum = "b7e0cdebf14f4d813e9318314cd9d8f489a9a71fa0ed087fc0f1e742dd77ff70"

[[package]]
name = "windows_aarch64_msvc"
version = "0.53.0"
source = "registry+https://github.com/rust-lang/crates.io-index"
checksum = "6d6ec2ca32afca88c799e79386f3467a3a215e465307786911748ae3b9248356"

[[package]]
name = "windows_i686_gnu"
version = "0.53.0"
source = "registry+https://github.com/rust-lang/crates.io-index"
checksum = "e69a28f5b8b88c6df1200a30a2b0ba82b6853641a6e10262e5e89a3d0633997"

[[package]]
name = "windows_i686_gnullvm"
version = "0.53.0"
source = "registry+https://github.com/rust-lang/crates.io-index"
checksum = "a79aa2e39c254ee54c1f6b46c5ec5c6f19f25b0f96d7e0f4bce8e484125ea9f"

[[package]]
name = "windows_i686_msvc"
version = "0.53.0"
source = "registry+https://github.com/rust-lang/crates.io-index"
checksum = "1ce8e6e6b22b23f185334b86f58aa5f66ac56ef0ce5de9c2fcc6b95064a56077"

[[package]]
name = "windows_link"
version = "0.1.3"
source = "registry+https://github.com/rust-lang/crates.io-index"
checksum = "5e6ad25900d524eaabdbf2ae9ed16f86e8f7dc44edbaab2e1270cb26b8a3d060"

[[package]]
name = "windows_x86_64_gnu"
version = "0.53.0"
source = "registry+https://github.com/rust-lang/crates.io-index"
checksum = "4c99f67a714e5f8e1e0ae4ccf9cc399f0752e110b7cd053e0c97d6fab92c8d26"

[[package]]
name = "windows_x86_64_gnullvm"
version = "0.53.0"
source = "registry+https://github.com/rust-lang/crates.io-index"
checksum = "9f8bdaea711d1e003884ed06f164b738c719abe7859bd36b92fd3b7763bb75cf"

[[package]]
name = "windows_x86_64_msvc"
version = "0.53.0"
source = "registry+https://github.com/rust-lang/crates.io-index"
checksum = "c760119e23e803577508a64674f722b6b5a37a624b25b0711bb160454d74e832a"

[[package]]
name = "wit-bindgen"
version = "0.46.0"
source = "registry+https://github.com/rust-lang/crates.io-index"
checksum = "f4fef0b7cfccfd7cf0968b28bc040fd90b81115058d39bff10f64d3124b9125d"

[[package]]
name = "wyz"
version = "0.5.1"
source = "registry+https://github.com/rust-lang/crates.io-index"
checksum = "05e7c36d46b04002846d52f8c3e5db68bf5f7f3d39ec47c99edb932338ae200a"
dependencies = [
 "tap",
]

[[package]]
name = "zerocopy"
version = "0.8.27"
source = "registry+https://github.com/rust-lang/crates.io-index"
checksum = "0894878a5fa0dd37a29c0ee64d758cd3b9d05fef4538be587ae712a74e142aaa"

[[package]]
name = "zune-core"
version = "0.4.12"
source = "registry+https://github.com/rust-lang/crates.io-index"
checksum = "3f423a9483c4ea28b96acd13a202d72c368cd197b4183d8d0895943a1b228d12"

[[package]]
name = "zune-jpeg"
version = "0.4.21"
source = "registry+https://github.com/rust-lang/crates.io-index"
checksum = "cd5abd12247140bbec0a2ae7198224ee08c906d235cbb86b96a6d8182448d5d44"
