# This file is automatically @generated by Cargo.
# It is not intended for manual editing.
version = 4

[[package]]
name = "adler2"
version = "2.0.1"
source = "registry+https://github.com/rust-lang/crates.io-index"
checksum = "320119579fcad9c21884f5c4861d16174d0e06250625266f50fe6898340abefa"

[[package]]
name = "aligned"
version = "0.4.3"
source = "registry+https://github.com/rust-lang/crates.io-index"
checksum = "ee4508988c62edf04abd8d92897fca0c2995d907ce1dfeaf369dac3716a40685"
dependencies = [
 "as-slice",
]

[[package]]
name = "aligned-vec"
version = "0.6.4"
source = "registry+https://github.com/rust-lang/crates.io-index"
checksum = "dc890384c8602f339876ded803c97ad529f3842aba97f6392b3dba0dd171769b"
dependencies = [
 "equator",
]

[[package]]
name = "anyhow"
version = "1.0.104"
source = "registry+https://github.com/rust-lang/crates.io-index"
checksum = "330a5ed07fa54e4702c9d6c4174f74427fc0ef6e214bbd677ae50a5099946470"

[[package]]
name = "arbitrary"
version = "1.4.2"
source = "registry+https://github.com/rust-lang/crates.io-index"
checksum = "63f3e60122b01c9f53ee512d6c70eea6caee9bfb44b5c71c1fd0c065539b8890"

[[package]]
name = "arrayvec"
version = "0.7.6"
source = "registry+https://github.com/rust-lang/crates.io-index"
checksum = "7c8a73a5e66c9974b0f9227b54be46b9f7c8ddedb2d3f623a7b7a99d424fc2bd"

[[package]]
name = "as-slice"
version = "0.2.1"
source = "registry+https://github.com/rust-lang/crates.io-index"
checksum = "3cd8099eaaf8fe5a7f623cb322141aae7555f2be2962f3de21fdf5ff8ef6bcfe"
dependencies = [
 "stable_deref_trait",
]

[[package]]
name = "autocfg"
version = "1.5.0"
source = "registry+https://github.com/rust-lang/crates.io-index"
checksum = "c08606f8c3cbf4ce6ec8e28fb0014a2c086708fe954eaa885384a6165172e7e8"

[[package]]
name = "av1-grain"
version = "0.2.3"
source = "registry+https://github.com/rust-lang/crates.io-index"
checksum = "b438fff351400f79e0cc4a0c1cb8580b975996bb6b4999cc7b1d54d7eb03ef9f"
dependencies = [
 "anyhow",
 "arrayvec",
 "log",
 "nom",
 "num-rational",
 "serde",
 "v_frame",
]

[[package]]
name = "bitflags"
version = "2.11.0"
source = "registry+https://github.com/rust-lang/crates.io-index"
checksum = "91fc19a589673217de3e2edbcf37314ff5ef0468a0833675e883604e23a45e86"

[[package]]
name = "bitstream-io"
version = "2.6.0"
source = "registry+https://github.com/rust-lang/crates.io-index"
checksum = "b948ef1bf5462213873930212b49a4f72f84e48d7d3098af6d19873ebbbd6db5"

[[package]]
name = "bumpalo"
version = "3.19.0"
source = "registry+https://github.com/rust-lang/crates.io-index"
checksum = "46c5e41bbde173bc4b3c3d697aa7413203fcfda4425d418c858a9e198027c2a3"

[[package]]
name = "byteorder-lite"
version = "0.1.0"
source = "registry+https://github.com/rust-lang/crates.io-index"
checksum = "8f1fe948ff431e45b6f95805138a55846b0b7c4d901e401c5410856f0b3ccf2b"

[[package]]
name = "byteorder"
version = "1.5.0"
source = "registry+https://github.com/rust-lang/crates.io-index"
checksum = "1fd0f2584146f6f2ef48085050886acf353beff7305ebd1ae69500e27c67f64b"

[[package]]
name = "bytes"
version = "1.10.1"
source = "registry+https://github.com/rust-lang/crates.io-index"
checksum = "d71b6127be86fdcfddb610f7182ac57211d4b18a3e9c82eb2d17662f2227ad6a"

[[package]]
name = "cc"
version = "1.2.56"
source = "registry+https://github.com/rust-lang/crates.io-index"
checksum = "8336f6b8779abc40cc9c0dfef5ed3e338c103179713c4ed11c2f1a1347f9eeac"
dependencies = [
 "find-msvc-tools",
 "shlex",
]

[[package]]
name = "cfg-if"
version = "1.0.4"
source = "registry+https://github.com/rust-lang/crates.io-index"
checksum = "9330f8b2ff13f34540b44e946ef35111825727b38d33286ef986142615121801"

[[package]]
name = "crc32fast"
version = "1.5.0"
source = "registry+https://github.com/rust-lang/crates.io-index"
checksum = "9481c1c90cbf2ac953f07c8d4a58aa3945c425b7185c9154d67a65e4230da511"
dependencies = [
 "cfg-if",
]

[[package]]
name = "crossbeam-deque"
version = "0.8.6"
source = "registry+https://github.com/rust-lang/crates.io-index"
checksum = "9dd111b7b7f7d55b72c0a6ae36108f0750778c7e0106e8ee4340b3a67a1dfb7a"
dependencies = [
 "crossbeam-epoch",
 "crossbeam-utils",
]

[[package]]
name = "crossbeam-epoch"
version = "0.9.18"
source = "registry+https://github.com/rust-lang/crates.io-index"
checksum = "5b82ac4a3c2f0adf265ae0f89928a4b6a1cbf6612b916af60cbab3d3e6e15334"
dependencies = [
 "crossbeam-utils",
]

[[package]]
name = "crossbeam-utils"
version = "0.8.21"
source = "registry+https://github.com/rust-lang/crates.io-index"
checksum = "d0a5c400df2834b80a4c3327b3aad3a4c4cd4de0629063962b03235697506a28"

[[package]]
name = "deranged"
version = "0.5.4"
source = "registry+https://github.com/rust-lang/crates.io-index"
checksum = "56c437a039fc94c3305a72e0e6b2a2105c5d3a54f5b02fd3e77ce49272715051"
dependencies = [
 "powerfmt",
]

[[package]]
name = "either"
version = "1.15.0"
source = "registry+https://github.com/rust-lang/crates.io-index"
checksum = "48c757948c5ede0e46177b7add2e67155f70e33c07fea8284df6576da70b3719"

[[package]]
name = "equator"
version = "0.4.2"
source = "registry+https://github.com/rust-lang/crates.io-index"
checksum = "d6927b607ad1f9a2cbf0106bda8c088822a7364928f85c5a9f59f55c72a9f729"
dependencies = [
 "equator-macro",
]

[[package]]
name = "equator-macro"
version = "0.4.2"
source = "registry+https://github.com/rust-lang/crates.io-index"
checksum = "12c566a7c4ed95334aa9dfb53f0fe2c9d73f9e2297bf3d2abbe7699780c33d1f"
dependencies = [
 "proc-macro2",
 "quote",
 "syn",
]

[[package]]
name = "fallible-iterator"
version = "0.2.0"
source = "registry+https://github.com/rust-lang/crates.io-index"
checksum = "729f60e4053a79c7dfad176b42b9d10d23004dc91c4f8082c386a14056da2c3f"

[[package]]
name = "fax"
version = "0.2.6"
source = "registry+https://github.com/rust-lang/crates.io-index"
checksum = "bd4bfc9f85bff0b1115876311c04daab6f1c0e684073607f857c710b738700b4"
dependencies = [
 "fax_derive",
]

[[package]]
name = "fax_derive"
version = "0.2.0"
source = "registry+https://github.com/rust-lang/crates.io-index"
checksum = "b16af4faa440fe4263ecb2db1f3207a2c1202e4e3cf1cf98205ebbd8f8f518ed"
dependencies = [
 "syn",
]

[[package]]
name = "find-msvc-tools"
version = "0.1.8"
source = "registry+https://github.com/rust-lang/crates.io-index"
checksum = "67d54504761d2b2af64a8ee36cb13546e2009aa30c7e23ec957c3a08a79c8e8f"

[[package]]
name = "flate2"
version = "1.1.5"
source = "registry+https://github.com/rust-lang/crates.io-index"
checksum = "bfe33edd8e85a12a67454d1317f8ab19542f9f115f45a1753c50f9b8fdcbf44c"
dependencies = [
 "crc32fast",
 "miniz_oxide",
]

[[package]]
name = "foldhash"
version = "0.1.5"
source = "registry+https://github.com/rust-lang/crates.io-index"
checksum = "d9c4f5dac5e15c24dd6f2e2c8c3a77710e3b3d52bfb57a7b42e0879bdb9fca1e"

[[package]]
name = "getrandom"
version = "0.3.4"
source = "registry+https://github.com/rust-lang/crates.io-index"
checksum = "899def5c37c4fd7b2664648c7a5b1e36a7a1a8b17ce11d5e4110ce283d4b9766"
dependencies = [
 "cfg-if",
 "libc",
 "r-efi",
 "wasip2",
]

[[package]]
name = "gif"
version = "0.13.3"
source = "registry+https://github.com/rust-lang/crates.io-index"
checksum = "8174ac7e23a9d987492794debe160feb793b7305273e2159206d112952e79604"
dependencies = [
 "color_quant",
 "weezl",
]

[[package]]
name = "ginbar-worker-v2"
version = "0.1.0"
dependencies = [
 "image",
 "postgres",
 "ravif",
 "rgb",
 "sha2 0.10.9",
]

[[package]]
name = "half"
version = "2.7.1"
source = "registry+https://github.com/rust-lang/crates.io-index"
checksum = "16e1a91d10ab27917bd9aa73c719a5e569a844cc4fbb34cfe1baa02c21e3fc30"

[[package]]
name = "hashbrown"
version = "0.15.5"
source = "registry+https://github.com/rust-lang/crates.io-index"
checksum = "9229cfe53dfd69f0609a49f65461bd67078e17d229302fe1445949258727e2adc"
dependencies = [
 "foldhash",
]

[[package]]
name = "heck"
version = "0.5.0"
source = "registry+https://github.com/rust-lang/crates.io-index"
checksum = "230165f2c458e80df9e3d09bf0a3f0ff4733e2d8f03fd4de9508041e0c65771ce"

[[package]]
name = "image"
version = "0.25.10"
source = "registry+https://github.com/rust-lang/crates.io-index"
checksum = "b9b23692b1f6d3ab12ad5ee050b8b3f66c3568a20e6de3c4f8fc90b751862b10"
dependencies = [
 "bytemuck",
 "byteorder-lite",
 "moxcms",
 "num-traits",
 "png",
 "zune-core",
 "zune-jpeg",
]

[[package]]
name = "itoa"
version = "1.0.15"
source = "registry+https://github.com/rust-lang/crates.io-index"
checksum = "4a5f13b858c8d314ee3e8f639011f7ccefe71f97f96e50151fb991f267928e2c"

[[package]]
name = "jobserver"
version = "0.1.34"
source = "registry+https://github.com/rust-lang/crates.io-index"
checksum = "c4aa1abc78179b26c47a7a08e1685977299212d94562c6065f8b66afdc1cbf83b"
dependencies = [
 "getrandom",
 "libc",
]

[[package]]
name = "js-sys"
version = "0.3.81"
source = "registry+https://github.com/rust-lang/crates.io-index"
checksum = "c6428d1fc30dc3b6dadc08404c9c1f17ec54695146f2084693613a4fba28ad5d"
dependencies = [
 "once_cell",
 "wasm-bindgen",
]

[[package]]
name = "libc"
version = "0.2.176"
source = "registry+https://github.com/rust-lang/crates.io-index"
checksum = "0e092b01fc1cc67f76a48a6a44dbcfb3a3471388123c449f6f0669dbef57278d"

[[package]]
name = "libfuzzer-sys"
version = "0.4.10"
source = "registry+https://github.com/rust-lang/crates.io-index"
checksum = "8af0b33dcf3d50c400bb59ae4e3fb5293115db127ef8e2cd5534a3c5bb42b7ff"
dependencies = [
 "arbitrary",
 "cc",
 "once_cell",
]

[[package]]
name = "libm"
version = "0.2.15"
source = "registry+https://github.com/rust-lang/crates.io-index"
checksum = "33d8d74c0b3e2c617b00f317f5a37a020fc18e75d30f72f9e42519d0c7312785"

[[package]]
name = "linux-raw-sys"
version = "0.11.0"
source = "registry+https://github.com/rust-lang/crates.io-index"
checksum = "0e8c49b235dc457568c9b26585064f4fc015071042c55b296a8692960865d1bcd"

[[package]]
name = "log"
version = "0.4.28"
source = "registry+https://github.com/rust-lang/crates.io-index"
checksum = "34080505efa8e45a4b816c349525ebe1207a6a549552e6487b7a82bc940add5f6"

[[package]]
name = "maybe-rayon"
version = "0.1.1"
source = "registry+https://github.com/rust-lang/crates.io-index"
checksum = "8b7e7a7b0a9c6112e7024e199f9058ab77e1035cc96a3e6825d68834b6464302"
dependencies = [
 "rayon",
]

[[package]]
name = "md-5"
version = "0.10.6"
source = "registry+https://github.com/rust-lang/crates.io-index"
checksum = "20adf8b5635072b02971aa484bc29d3d308235e49af9e72cfe6601f9e0d2c188b"
dependencies = [
 "cfg-if",
 "digest 0.10.7",
]

[[package]]
name = "memchr"
version = "2.7.6"
source = "registry+https://github.com/rust-lang/crates.io-index"
checksum = "f52b00d39961e9a305b740df6dd23d1dc6d16ff7b1c8a2fc4e4adf3c2f9aa16c"

[[package]]
name = "miniz_oxide"
version = "0.8.9"
source = "registry+https://github.com/rust-lang/crates.io-index"
checksum = "1a12a2a045369c435b5b66d2a4aa6a8847e6247df5f63af844402d1c88b29c7f"
dependencies = [
 "adler2",
]

[[package]]
name = "moxcms"
version = "0.7.8"
source = "registry+https://github.com/rust-lang/crates.io-index"
checksum = "79fe45eb553a38b1e330c2dd50688756e4c641148097343ded8f58f0b04bdeaa"
dependencies = [
 "num-traits",
]

[[package]]
name = "nom"
version = "8.0.0"
source = "registry+https://github.com/rust-lang/crates.io-index"
checksum = "df9761775871bdef83bee42bbc7b59d116b67655524399e20df27ebd3f4e3d466"
dependencies = [
 "memchr",
]

[[package]]
name = "num-bigint"
version = "0.4.6"
source = "registry+https://github.com/rust-lang/crates.io-index"
checksum = "a0e67198a33f0ba10b9b8c5b73a18b7af600f4cf9cf22314c0373d8356d8654b"
dependencies = [
 "num-integer",
 "num-traits",
]

[[package]]
name = "num-conv"
version = "0.1.0"
source = "registry+https://github.com/rust-lang/crates.io-index"
checksum = "51d5151817b9e87adf8e07d9ae5fe50baf55aa2ecfde0b3a3ca7c740d9ad6f52"

[[package]]
name = "num-derive"
version = "0.4.2"
source = "registry+https://github.com/rust-lang/crates.io-index"
checksum = "ed8f8ac9020809786b1545521a3e6521322f57a08f43eeb736e1729e2a344c27"
dependencies = [
 "proc-macro2",
 "quote",
 "syn",
]

[[package]]
name = "num-integer"
version = "0.1.46"
source = "registry+https://github.com/rust-lang/crates.io-index"
checksum = "6a12f3d07ed1ac97db7cb246a142e5b43ba03ace8c32d807bfcb10074688e67e"
dependencies = [
 "num-traits",
]

[[package]]
name = "num-rational"
version = "0.4.2"
source = "registry+https://github.com/rust-lang/crates.io-index"
checksum = "55ca05cfc624943e7a3e27d2ea8243d91a294b6ff932bb8f2af51f7f67c70a78"
dependencies = [
 "num-bigint",
 "num-integer",
 "num-traits",
]

[[package]]
name = "num-traits"
version = "0.2.19"
source = "registry+https://github.com/rust-lang/crates.io-index"
checksum = "071dfc062690e90b7344a9e23e81f48127115d8b10f6a1900a2a0ef49f8400e3"
dependencies = [
 "autocfg",
]

[[package]]
name = "object"
version = "0.36.7"
source = "registry+https://github.com/rust-lang/crates.io-index"
checksum = "62948fda4cb0c6ec6272e2f0978413688cc21347f43486d707d45787e5603877"
dependencies = [
 "memchr",
]

[[package]]
name = "once_cell"
version = "1.21.3"
source = "registry+https://github.com/rust-lang/crates.io-index"
checksum = "42f5e15c9953c5e4ccceeb2e7382a716482c34515315f7b03532b8b4e8393d2d"

[[package]]
name = "percent-encoding"
version = "2.3.2"
source = "registry+https://github.com/rust-lang/crates.io-index"
checksum = "2282bbfcf4336f321b68d7a03838fd45e5c43fd86008589439b7988f688c7710"

[[package]]
name = "pin-project-lite"
version = "0.2.16"
source = "registry+https://github.com/rust-lang/crates.io-index"
checksum = "3b3b7b986bdc923c8fb965e3a4f4e2c739051c2060b7f2655780bea1a82b16b0"

[[package]]
name = "pkg-config"
version = "0.3.32"
source = "registry+https://github.com/rust-lang/crates.io-index"
checksum = "7edddbd0b52d6a26722b93c50068916a50b53da29cc80f4b84924d72651621d3"

[[package]]
name = "png"
version = "0.18.0"
source = "registry+https://github.com/rust-lang/crates.io-index"
checksum = "711192417e7b72d6fb741cdc696722ec1b22f1726089968a6bc3236c6ca3fc93"
dependencies = [
 "bitflags",
 "crc32fast",
 "flate2",
 "miniz_oxide",
]

[[package]]
name = "postgres"
version = "0.19.12"
source = "registry+https://github.com/rust-lang/crates.io-index"
checksum = "a6bb28c6835cb6a9334e6cab315887ed5b9653a12e9a747514de94d82d89f035"
dependencies = [
 "bytes",
 "fallible-iterator",
 "futures-util",
 "log",
 "tokio-postgres",
]

[[package]]
name = "postgres-protocol"
version = "0.6.9"
source = "registry+https://github.com/rust-lang/crates.io-index"
checksum = "6d055a001224be1cf2bb3ba3fac7cd0bf6b43423496ee14643e4d09ea989b3b0"
dependencies = [
 "base64",
 "byteorder",
 "bytes",
 "fallible-iterator",
 "getrandom",
 "hmac",
 "md-5",
 "memchr",
 "rand 0.9.2",
 "sha2 0.10.9",
 "stringprep",
]

[[package]]
name = "postgres-types"
version = "0.2.10"
source = "registry+https://github.com/rust-lang/crates.io-index"
checksum = "ab5b4a9689baf29c3ac84d30fffb07b63f174eebc1bbf49d7a37707fe1e37b24"
dependencies = [
 "bytes",
 "fallible-iterator",
 "postgres-protocol",
]

[[package]]
name = "powerfmt"
version = "0.2.0"
source = "registry+https://github.com/rust-lang/crates.io-index"
checksum = "439ee66f62b8408f1c28a90349f289b8baa2a33e878fea77594d6063b9598f70"

[[package]]
name = "ppv-lite86"
version = "0.2.21"
source = "registry+https://github.com/rust-lang/crates.io-index"
checksum = "85eae3c4ed93ceab69a2618853b7f9ac7f1dc5cba8c3ece5012a36a8cc6b7c0"
dependencies = [
 "zerocopy",
]

[[package]]
name = "proc-macro2"
version = "1.0.101"
source = "registry+https://github.com/rust-lang/crates.io-index"
checksum = "89ae43fd86e4158d6db51ad8ab2860ab80e2c68f0c0a75f5f7b839e6cfb7e268"
dependencies = [
 "unicode-ident",
]

[[package]]
name = "quote"
version = "1.0.40"
source = "registry+https://github.com/rust-lang/crates.io-index"
checksum = "1885c039570dc00dcb4ff087a89e185fd56bae234ddc7f056a945bf36467248d7"
dependencies = [
 "proc-macro2",
]

[[package]]
name = "r-efi"
version = "5.3.0"
source = "registry+https://github.com/rust-lang/crates.io-index"
checksum = "69cdb34c158ceb288df11e18b4bd39deff083b1a0b2bf7589b5e91ff62516ab5"

[[package]]
name = "rand"
version = "0.8.5"
source = "registry+https://github.com/rust-lang/crates.io-index"
checksum = "34af8d1a0ce71406046ff2f40da2fbf8c2d66615dc47c7be19b417444d1dd2cf"
dependencies = [
 "libc",
 "rand_chacha 0.3.1",
 "rand_core 0.6.4",
]

[[package]]
name = "rand"
version = "0.9.2"
source = "registry+https://github.com/rust-lang/crates.io-index"
checksum = "6db2770f06117f490610c7488547d543617b21bfa07796e390a0bf6294f2120d"
dependencies = [
 "rand_chacha 0.9.0",
 "rand_core 0.9.3",
]

[[package]]
name = "rand_chacha"
version = "0.3.1"
source = "registry+https://github.com/rust-lang/crates.io-index"
checksum = "e6c10a63a0fa32222be6f4ea155c8e66e1efde05f850ee58d9d45b888249f278"
dependencies = [
 "ppv-lite86",
 "rand_core 0.6.4",
]

[[package]]
name = "rand_chacha"
version = "0.9.0"
source = "registry+https://github.com/rust-lang/crates.io-index"
checksum = "d3022b5f1df60f26e1ffddd6c66e8aa15de382ae63b3a0c13a127d2f5a768a17"
dependencies = [
 "ppv-lite86",
 "rand_core 0.9.3",
]

[[package]]
name = "rand_core"
version = "0.6.4"
source = "registry+https://github.com/rust-lang/crates.io-index"
checksum = "ec4a866284c9d5f4fa03c7d4f08d07e481a3c0094b754b27fd42534bd42c7559"

[[package]]
name = "rand_core"
version = "0.9.3"
source = "registry+https://github.com/rust-lang/crates.io-index"
checksum = "99d9a13982dcf210057a8a78572b2217b6cb71aa0b98451824ab4876e0d21f34"

[[package]]
name = "rav1e"
version = "0.8.1"
source = "registry+https://github.com/rust-lang/crates.io-index"
checksum = "56a43177bd76f5a542d5e09f64fc879ccfef2f53905c566d80f0b387eea96633"
dependencies = [
 "aligned",
 "aligned-vec",
 "arg_enum_proc_macro",
 "arrayvec",
 "av1-grain",
 "bitstream-io",
 "cfg-if",
 "profiling",
 "rand 0.4.6",
 "rayon",
 "serde",
 "simd_helpers",
 "system-deps",
 "v_frame",
]

[[package]]
name = "ravif"
version = "0.13.0"
source = "registry+https://github.com/rust-lang/crates.io-index"
checksum = "2c63fb25b07919a02a7a96517c92cafb97adb0b46b76041fefc6cbcc89a17592"
dependencies = [
 "avif-serialize",
 "imgref",
 "loop9",
 "quick-error",
 "rav1e",
 "rgb",
]

[[package]]
name = "rayon"
version = "1.12.0"
source = "registry+https://github.com/rust-lang/crates.io-index"
checksum = "a78e9ef4f769b8f6e6f7be30f8bd3e646c1270873e7d7a68b54d38df331d3482"
dependencies = [
 "either",
 "rayon-core",
]

[[package]]
name = "rayon-core"
version = "1.13.0"
source = "registry+https://github.com/rust-lang/crates.io-index"
checksum = "87c4bff228fe5294b7a756c02814edfd6b2120ff0b11460d0fd5bb5252ca3fe8"
dependencies = [
 "crossbeam-deque",
 "crossbeam-utils",
]

[[package]]
name = "rgb"
version = "0.8.52"
source = "registry+https://github.com/rust-lang/crates.io-index"
checksum = "6d9f3b47847c734070057e8d4983901e2ea87a2b564071942c0d4d71b0a5185"

[[package]]
name = "sha2"
version = "0.10.9"
source = "registry+https://github.com/rust-lang/crates.io-index"
checksum = "a7507d819769d01a365ab707794f2a1ce87a8e7edc34b2052e028ad93a92421c"
dependencies = [
 "cfg-if",
 "cpufeatures",
 "digest 0.10.7",
]

[[package]]
name = "sha2"
version = "0.11.0"
source = "registry+https://github.com/rust-lang/crates.io-index"
checksum = "a12a8d0f76e2653ba490a48664297516c0b2bd1fb7527d8793fb2c06086c7e45"
dependencies = [
 "cfg-if",
 "cpufeatures",
 "digest 0.11.0",
]

[[package]]
name = "shlex"
version = "1.3.0"
source = "registry+https://github.com/rust-lang/crates.io-index"
checksum = "0a96ecd1c3f8e9ed57835e7f2df5d00f6d742fca36fc1c19fca7df6bcd94c142"

[[package]]
name = "simd_helpers"
version = "0.1.0"
source = "registry+https://github.com/rust-lang/crates.io-index"
checksum = "0aaa89a7313dfb14d4133dbb2e3a0a7e9c3f56bca07ec71ee7e8d475ddc88d36"

[[package]]
name = "smallvec"
version = "1.15.1"
source = "registry+https://github.com/rust-lang/crates.io-index"
checksum = "67b1b14a6f2b3faa51b51c3ed9255464ca40f017363b6d6fead725101f58e7d2"

[[package]]
name = "socket2"
version = "0.6.1"
source = "registry+https://github.com/rust-lang/crates.io-index"
checksum = "17129e3918ac0b345e97c89a5b3d40be7194a5683aa67599d1258457422bdfeb"
dependencies = [
 "libc",
 "windows-sys",
]

[[package]]
name = "stable_deref_trait"
version = "1.2.0"
source = "registry+https://github.com/rust-lang/crates.io-index"
checksum = "a8c1971988879916e773ff3c2b6dbc141d6425351a047d9f8d60f9f65d2191d4"

[[package]]
name = "stringprep"
version = "0.1.5"
source = "registry+https://github.com/rust-lang/crates.io-index"
checksum = "bbed1c5ea42722f3c1255d86d864c8db6d215c49c5fc884f22f2012fa5b8b15"
dependencies = [
 "unicode-bidi",
 "unicode-normalization",
]

[[package]]
name = "subtle"
version = "2.6.1"
source = "registry+https://github.com/rust-lang/crates.io-index"
checksum = "13c2bddecc2a42ac926a9af63975cd00df26fa36dd23c90be5cb5f3509b3459f"

[[package]]
name = "syn"
version = "2.0.106"
source = "registry+https://github.com/rust-lang/crates.io-index"
checksum = "ede7c438028d1c5f1f39a48617b5d788099470f100bd8857b0d80ffca7a23a3c"
dependencies = [
 "proc-macro2",
 "quote",
 "unicode-ident",
]

[[package]]
name = "time"
version = "0.3.44"
source = "registry+https://github.com/rust-lang/crates.io-index"
checksum = "91c692c162f34245847765a2a3a6dd33434232f98ea2e3acddbc1d142b6f83c9"
dependencies = [
 "deranged",
 "itoa",
 "num-conv",
 "powerfmt",
 "time-core",
]

[[package]]
name = "time-core"
version = "0.1.6"
source = "registry+https://github.com/rust-lang/crates.io-index"
checksum = "40868ed8d2f313bbc62666a2aa6726e05c72de1c02c149f177fe73a5a6a40870"

[[package]]
name = "tinyvec"
version = "1.10.0"
source = "registry+https://github.com/rust-lang/crates.io-index"
checksum = "b0774f31e48a07c02edcd7fa07b395c43be62635c0b46c10a7c54b0969cb631"
dependencies = [
 "tinyvec_macros",
]

[[package]]
name = "tinyvec_macros"
version = "0.1.1"
source = "registry+https://github.com/rust-lang/crates.io-index"
checksum = "1f3ccbac311b4de0b1f7678ce70fa7b15954110e3928e6f6d2ca7b3eb6a2ca88"

[[package]]
name = "tokio"
version = "1.47.1"
source = "registry+https://github.com/rust-lang/crates.io-index"
checksum = "89e49afdadebb00ffac3e792fd5b6c11530edc8bc72da0f9b9d86c593c23482e"
dependencies = [
 "bytes",
 "libc",
 "mio",
 "pin-project-lite",
 "socket2",
 "windows-sys",
]

[[package]]
name = "tokio-postgres"
version = "0.7.15"
source = "registry+https://github.com/rust-lang/crates.io-index"
checksum = "d72848d33f7e7f125c7054ebd0fd4c601d3e2d2202552ae94b7b6dd90c815645"
dependencies = [
 "async-trait",
 "bytes",
 "fallible-iterator",
 "futures-channel",
 "futures-util",
 "log",
 "percent-encoding",
 "phf",
 "pin-project-lite",
 "postgres-protocol",
 "postgres-types",
 "tokio",
]

[[package]]
name = "unicode-ident"
version = "1.0.19"
source = "registry+https://github.com/rust-lang/crates.io-index"
checksum = "f63d8c535e06182dced311874b56a253bd605de7d93f65d836d244d38a2b3c73"

[[package]]
name = "unicode-normalization"
version = "0.1.24"
source = "registry+https://github.com/rust-lang/crates.io-index"
checksum = "5033e3de4b761087483b2af3e1254516f83869f4ae18f429da14142b10a9f545"
dependencies = [
 "tinyvec",
]

[[package]]
name = "v_frame"
version = "0.3.8"
source = "registry+https://github.com/rust-lang/crates.io-index"
checksum = "b2ed746faaf1d6fe8a5affff9bf7e7ed9621c2251655cd897f2ab7e1f659270a"
dependencies = [
 "aligned-vec",
 "num-traits",
 "wasm-bindgen",
]

[[package]]
name = "wasip2"
version = "1.0.1+wasi-0.2.4"
source = "registry+https://github.com/rust-lang/crates.io-index"
checksum = "0562428422c63773e4deef3e72025b5e9c0b038eaa2b81f879687f54cf3dcbe1"
dependencies = [
 "wit-bindgen",
]

[[package]]
name = "wasm-bindgen"
version = "0.2.104"
source = "registry+https://github.com/rust-lang/crates.io-index"
checksum = "4f254b297907cb3f3bf20fdbe545f31f299849925aaa90b65f68c103f2e0d758"
dependencies = [
 "cfg-if",
 "once_cell",
 "rustversion",
 "wasm-bindgen-macro",
 "wasm-bindgen-shared",
]

[[package]]
name = "wasm-bindgen-backend"
version = "0.2.104"
source = "registry+https://github.com/rust-lang/crates.io-index"
checksum = "13388fd644a29127d828eb893bfa54bf7e9e3f88bd94c7300619011c1a4171c0"
dependencies = [
 "bumpalo",
 "log",
 "proc-macro2",
 "quote",
 "syn",
 "wasm-bindgen-shared",
]

[[package]]
name = "wasm-bindgen-macro"
version = "0.2.104"
source = "registry+https://github.com/rust-lang/crates.io-index"
checksum = "b446cdf6a4b197396e311555edbb6c0715dd953c65eff6f2d0729c7fbb93aa90"
dependencies = [
 "quote",
 "wasm-bindgen-macro-support",
]

[[package]]
name = "wasm-bindgen-macro-support"
version = "0.2.104"
source = "registry+https://github.com/rust-lang/crates.io-index"
checksum = "a8d5d1a8aab6bd6a43903c07d814b206afad2f2cbff30b638521b2cd9166631f"
dependencies = [
 "proc-macro2",
 "quote",
 "syn",
 "wasm-bindgen-backend",
 "wasm-bindgen-shared",
]

[[package]]
name = "wasm-bindgen-shared"
version = "0.2.104"
source = "registry+https://github.com/rust-lang/crates.io-index"
checksum = "07ec04851329f3e3703672aa782fd6e1b1097e8222365af6416f847c21645caa8"
dependencies = [
 "unicode-ident",
]

[[package]]
name = "weezl"
version = "0.1.8"
source = "registry+https://github.com/rust-lang/crates.io-index"
checksum = "53a8198520d5d3d2875da31bfb19c0241e1f1b8d07e32ed4be0e0a3da5583fe5"

[[package]]
name = "wit-bindgen"
version = "0.46.0"
source = "registry+https://github.com/rust-lang/crates.io-index"
checksum = "1c22a9c198b916fbb7ca74416d580b9c2666209c6302d8428af9eaac4b1da2f0"

[[package]]
name = "zerocopy"
version = "0.8.27"
source = "registry+https://github.com/rust-lang/crates.io-index"
checksum = "0894878a5fa3edfd8cd3f38a63555fa4c1e92ee2a82a7a26e61dd9c406925b69"
dependencies = [
 "zerocopy-derive",
]

[[package]]
name = "zerocopy-derive"
version = "0.8.27"
source = "registry+https://github.com/rust-lang/crates.io-index"
checksum = "88dc6c3ce6b1c380f572611321616efe799f2c12e7f2234a0342130a120bd03d"
dependencies = [
 "proc-macro2",
 "quote",
 "syn",
]

[[package]]
name = "zune-core"
version = "0.4.12"
source = "registry+https://github.com/rust-lang/crates.io-index"
checksum = "3f423a1bd5928e1969bd4b16f1752b25361761cd4ca0cec4062510455bf34c87"

[[package]]
name = "zune-jpeg"
version = "0.4.21"
source = "registry+https://github.com/rust-lang/crates.io-index"
checksum = "93e79c3701cbf64265300adcd6dc2d765818007e8428ff1aa37a920ec7f9f9ae8"
